PODS:
  - AppsFlyerFramework (6.18.0):
    - AppsFlyerFramework/Main (= 6.18.0)
  - AppsFlyerFramework/Main (6.18.0)
  - FloatingPanel (3.2.2)
  - PanModal (1.2.7)
  - SnapKit (5.7.1)

DEPENDENCIES:
  - AppsFlyerFramework
  - FloatingPanel
  - PanModal
  - SnapKit

SPEC REPOS:
  trunk:
    - AppsFlyerFramework
    - FloatingPanel
    - PanModal
    - SnapKit

SPEC CHECKSUMS:
  AppsFlyerFramework: c1e1e4cd3b98ffdca2fe32b17ae93909e409b6ab
  FloatingPanel: a02cbf74bfa35229e2ab8361fa2922c01960339e
  PanModal: 3e16ead1a907fb06f4df3f13492fd00149fa4974
  SnapKit: d612e99e678a2d3b95bf60b0705ed0a35c03484a

PODFILE CHECKSUM: 0e21aa8528424ccb8364596ac31a0a4383779260

COCOAPODS: 1.16.2
